
Microsoft Visual Studio Solution File, Format Version 12.00
# Visual Studio Version 17
VisualStudioVersion = 17.9.34714.143
MinimumVisualStudioVersion = 10.0.40219.1
Project("{9A19103F-16F7-4668-BE54-9A1E7A4F7556}") = "MyHotel", "MyHotel.csproj", "{8BE40BCB-9AD1-46DC-A3EF-49D3F10D0AC5}"
EndProject
Project("{FAE04EC0-301F-11D3-BF4B-00C04F79EFBC}") = "HotelServer", "..\HotelServer\HotelServer.csproj", "{8FB654C7-D154-4157-BE4C-349B0CDD7D6F}"
EndProject
Project("{FAE04EC0-301F-11D3-BF4B-00C04F79EFBC}") = "HotelCommon", "..\HotelCommon\HotelCommon.csproj", "{90065A7D-8CA0-4879-B1B0-6DDF69B6B7E8}"
EndProject
Global
	GlobalSection(SolutionConfigurationPlatforms) = preSolution
		Debug|Any CPU = Debug|Any CPU
		Release|Any CPU = Release|Any CPU
	EndGlobalSection
	GlobalSection(ProjectConfigurationPlatforms) = postSolution
		{8BE40BCB-9AD1-46DC-A3EF-49D3F10D0AC5}.Debug|Any CPU.ActiveCfg = Debug|Any CPU
		{8BE40BCB-9AD1-46DC-A3EF-49D3F10D0AC5}.Debug|Any CPU.Build.0 = Debug|Any CPU
		{8BE40BCB-9AD1-46DC-A3EF-49D3F10D0AC5}.Release|Any CPU.ActiveCfg = Release|Any CPU
		{8BE40BCB-9AD1-46DC-A3EF-49D3F10D0AC5}.Release|Any CPU.Build.0 = Release|Any CPU
		{8FB654C7-D154-4157-BE4C-349B0CDD7D6F}.Debug|Any CPU.ActiveCfg = Debug|Any CPU
		{8FB654C7-D154-4157-BE4C-349B0CDD7D6F}.Debug|Any CPU.Build.0 = Debug|Any CPU
		{8FB654C7-D154-4157-BE4C-349B0CDD7D6F}.Release|Any CPU.ActiveCfg = Release|Any CPU
		{8FB654C7-D154-4157-BE4C-349B0CDD7D6F}.Release|Any CPU.Build.0 = Release|Any CPU
		{90065A7D-8CA0-4879-B1B0-6DDF69B6B7E8}.Debug|Any CPU.ActiveCfg = Debug|Any CPU
		{90065A7D-8CA0-4879-B1B0-6DDF69B6B7E8}.Debug|Any CPU.Build.0 = Debug|Any CPU
		{90065A7D-8CA0-4879-B1B0-6DDF69B6B7E8}.Release|Any CPU.ActiveCfg = Release|Any CPU
		{90065A7D-8CA0-4879-B1B0-6DDF69B6B7E8}.Release|Any CPU.Build.0 = Release|Any CPU
	EndGlobalSection
	GlobalSection(SolutionProperties) = preSolution
		HideSolutionNode = FALSE
	EndGlobalSection
	GlobalSection(ExtensibilityGlobals) = postSolution
		SolutionGuid = {2BB2F4DA-70DC-4431-953C-695A726CB253}
	EndGlobalSection
EndGlobal
